
Microsoft Visual Studio Solution File, Format Version 11.00
# Visual Studio 2010
Project("{FAE04EC0-301F-11D3-BF4B-00C04F79EFBC}") = "Assembly-CSharp", "Assembly-CSharp.csproj", "{6250083E-A316-9D70-9A79-CECF25BD60BC}"
EndProject
Global
	GlobalSection(SolutionConfigurationPlatforms) = preSolution
		Debug|Any CPU = Debug|Any CPU
		Release|Any CPU = Release|Any CPU
	EndGlobalSection
	GlobalSection(ProjectConfigurationPlatforms) = postSolution
		{6250083E-A316-9D70-9A79-CECF25BD60BC}.Debug|Any CPU.ActiveCfg = Debug|Any CPU
		{6250083E-A316-9D70-9A79-CECF25BD60BC}.Debug|Any CPU.Build.0 = Debug|Any CPU
		{6250083E-A316-9D70-9A79-CECF25BD60BC}.Release|Any CPU.ActiveCfg = Release|Any CPU
		{6250083E-A316-9D70-9A79-CECF25BD60BC}.Release|Any CPU.Build.0 = Release|Any CPU
	EndGlobalSection
	GlobalSection(SolutionProperties) = preSolution
		HideSolutionNode = FALSE
	EndGlobalSection
EndGlobal
